// !$*UTF8*$!
{
	archiveVersion = 1;
	classes = {
	};
	objectVersion = 56;
	objects = {

/* Begin PBXBuildFile section */
		6557FBC32BB1A029005D04B4 /* rozellaApp.swift in Sources */ = {isa = PBXBuildFile; fileRef = 6557FBC22BB1A029005D04B4 /* rozellaApp.swift */; };
		6557FBC52BB1A029005D04B4 /* ContentView.swift in Sources */ = {isa = PBXBuildFile; fileRef = 6557FBC42BB1A029005D04B4 /* ContentView.swift */; };
		6557FBC72BB1A029005D04B4 /* Assets.xcassets in Resources */ = {isa = PBXBuildFile; fileRef = 6557FBC62BB1A029005D04B4 /* Assets.xcassets */; };
		6557FBCA2BB1A029005D04B4 /* Preview Assets.xcassets in Resources */ = {isa = PBXBuildFile; fileRef = 6557FBC92BB1A029005D04B4 /* Preview Assets.xcassets */; };
		6557FBD12BB1A364005D04B4 /* YoutubeSearchView.swift in Sources */ = {isa = PBXBuildFile; fileRef = 6557FBD02BB1A364005D04B4 /* YoutubeSearchView.swift */; };
		6557FBD42BB1A372005D04B4 /* YouTubeKit in Frameworks */ = {isa = PBXBuildFile; productRef = 6557FBD32BB1A372005D04B4 /* YouTubeKit */; };
		6557FBDE2BB1C972005D04B4 /* RSSFeedModel.swift in Sources */ = {isa = PBXBuildFile; fileRef = 6557FBDD2BB1C972005D04B4 /* RSSFeedModel.swift */; };
		6557FBE12BB1C9B3005D04B4 /* FeedKit in Frameworks */ = {isa = PBXBuildFile; productRef = 6557FBE02BB1C9B3005D04B4 /* FeedKit */; };
		6557FBE32BB1CA34005D04B4 /* ArticleModel.swift in Sources */ = {isa = PBXBuildFile; fileRef = 6557FBE22BB1CA34005D04B4 /* ArticleModel.swift */; };
		6557FBE52BB1CBDC005D04B4 /* fetchArticles.swift in Sources */ = {isa = PBXBuildFile; fileRef = 6557FBE42BB1CBDC005D04B4 /* fetchArticles.swift */; };
		6557FBE72BB1CF06005D04B4 /* ScrapedContent.swift in Sources */ = {isa = PBXBuildFile; fileRef = 6557FBE62BB1CF06005D04B4 /* ScrapedContent.swift */; };
		6557FBEA2BB1CF20005D04B4 /* SwiftSoup in Frameworks */ = {isa = PBXBuildFile; productRef = 6557FBE92BB1CF20005D04B4 /* SwiftSoup */; };
		6557FBED2BB1D46C005D04B4 /* ArticleView.swift in Sources */ = {isa = PBXBuildFile; fileRef = 6557FBEC2BB1D46C005D04B4 /* ArticleView.swift */; };
		6557FBEF2BB1D527005D04B4 /*  ArticleDetailView.swift in Sources */ = {isa = PBXBuildFile; fileRef = 6557FBEE2BB1D527005D04B4 /*  ArticleDetailView.swift */; };
		6557FBF12BB1D64C005D04B4 /* AddFeedView.swift in Sources */ = {isa = PBXBuildFile; fileRef = 6557FBF02BB1D64C005D04B4 /* AddFeedView.swift */; };
		6557FBF32BB1D6E8005D04B4 /* FeedListView.swift in Sources */ = {isa = PBXBuildFile; fileRef = 6557FBF22BB1D6E8005D04B4 /* FeedListView.swift */; };
/* End PBXBuildFile section */

/* Begin PBXFileReference section */
		6557FBBF2BB1A029005D04B4 /* rozella.app */ = {isa = PBXFileReference; explicitFileType = wrapper.application; includeInIndex = 0; path = rozella.app; sourceTree = BUILT_PRODUCTS_DIR; };
		6557FBC22BB1A029005D04B4 /* rozellaApp.swift */ = {isa = PBXFileReference; lastKnownFileType = sourcecode.swift; path = rozellaApp.swift; sourceTree = "<group>"; };
		6557FBC42BB1A029005D04B4 /* ContentView.swift */ = {isa = PBXFileReference; lastKnownFileType = sourcecode.swift; path = ContentView.swift; sourceTree = "<group>"; };
		6557FBC62BB1A029005D04B4 /* Assets.xcassets */ = {isa = PBXFileReference; lastKnownFileType = folder.assetcatalog; path = Assets.xcassets; sourceTree = "<group>"; };
		6557FBC92BB1A029005D04B4 /* Preview Assets.xcassets */ = {isa = PBXFileReference; lastKnownFileType = folder.assetcatalog; path = "Preview Assets.xcassets"; sourceTree = "<group>"; };
		6557FBD02BB1A364005D04B4 /* YoutubeSearchView.swift */ = {isa = PBXFileReference; lastKnownFileType = sourcecode.swift; path = YoutubeSearchView.swift; sourceTree = "<group>"; };
		6557FBDD2BB1C972005D04B4 /* RSSFeedModel.swift */ = {isa = PBXFileReference; lastKnownFileType = sourcecode.swift; path = RSSFeedModel.swift; sourceTree = "<group>"; };
		6557FBE22BB1CA34005D04B4 /* ArticleModel.swift */ = {isa = PBXFileReference; lastKnownFileType = sourcecode.swift; path = ArticleModel.swift; sourceTree = "<group>"; };
		6557FBE42BB1CBDC005D04B4 /* fetchArticles.swift */ = {isa = PBXFileReference; lastKnownFileType = sourcecode.swift; path = fetchArticles.swift; sourceTree = "<group>"; };
		6557FBE62BB1CF06005D04B4 /* ScrapedContent.swift */ = {isa = PBXFileReference; lastKnownFileType = sourcecode.swift; path = ScrapedContent.swift; sourceTree = "<group>"; };
		6557FBEC2BB1D46C005D04B4 /* ArticleView.swift */ = {isa = PBXFileReference; lastKnownFileType = sourcecode.swift; path = ArticleView.swift; sourceTree = "<group>"; };
		6557FBEE2BB1D527005D04B4 /*  ArticleDetailView.swift */ = {isa = PBXFileReference; lastKnownFileType = sourcecode.swift; path = " ArticleDetailView.swift"; sourceTree = "<group>"; };
		6557FBF02BB1D64C005D04B4 /* AddFeedView.swift */ = {isa = PBXFileReference; lastKnownFileType = sourcecode.swift; path = AddFeedView.swift; sourceTree = "<group>"; };
		6557FBF22BB1D6E8005D04B4 /* FeedListView.swift */ = {isa = PBXFileReference; lastKnownFileType = sourcecode.swift; path = FeedListView.swift; sourceTree = "<group>"; };
/* End PBXFileReference section */

/* Begin PBXFrameworksBuildPhase section */
		6557FBBC2BB1A029005D04B4 /* Frameworks */ = {
			isa = PBXFrameworksBuildPhase;
			buildActionMask = 2147483647;
			files = (
				6557FBD42BB1A372005D04B4 /* YouTubeKit in Frameworks */,
				6557FBE12BB1C9B3005D04B4 /* FeedKit in Frameworks */,
				6557FBEA2BB1CF20005D04B4 /* SwiftSoup in Frameworks */,
			);
			runOnlyForDeploymentPostprocessing = 0;
		};
/* End PBXFrameworksBuildPhase section */

/* Begin PBXGroup section */
		6557FBB62BB1A028005D04B4 = {
			isa = PBXGroup;
			children = (
				6557FBC12BB1A029005D04B4 /* rozella */,
				6557FBC02BB1A029005D04B4 /* Products */,
			);
			sourceTree = "<group>";
		};
		6557FBC02BB1A029005D04B4 /* Products */ = {
			isa = PBXGroup;
			children = (
				6557FBBF2BB1A029005D04B4 /* rozella.app */,
			);
			name = Products;
			sourceTree = "<group>";
		};
		6557FBC12BB1A029005D04B4 /* rozella */ = {
			isa = PBXGroup;
			children = (
				6557FBC22BB1A029005D04B4 /* rozellaApp.swift */,
				6557FBC42BB1A029005D04B4 /* ContentView.swift */,
				6557FBDC2BB1C93D005D04B4 /* FeedReed */,
				6557FBDB2BB1C6C7005D04B4 /* YoutubeFeedExtracter */,
				6557FBC62BB1A029005D04B4 /* Assets.xcassets */,
				6557FBC82BB1A029005D04B4 /* Preview Content */,
			);
			path = rozella;
			sourceTree = "<group>";
		};
		6557FBC82BB1A029005D04B4 /* Preview Content */ = {
			isa = PBXGroup;
			children = (
				6557FBC92BB1A029005D04B4 /* Preview Assets.xcassets */,
			);
			path = "Preview Content";
			sourceTree = "<group>";
		};
		6557FBDB2BB1C6C7005D04B4 /* YoutubeFeedExtracter */ = {
			isa = PBXGroup;
			children = (
				6557FBD02BB1A364005D04B4 /* YoutubeSearchView.swift */,
			);
			path = YoutubeFeedExtracter;
			sourceTree = "<group>";
		};
		6557FBDC2BB1C93D005D04B4 /* FeedReed */ = {
			isa = PBXGroup;
			children = (
				6557FBDD2BB1C972005D04B4 /* RSSFeedModel.swift */,
				6557FBE22BB1CA34005D04B4 /* ArticleModel.swift */,
				6557FBE42BB1CBDC005D04B4 /* fetchArticles.swift */,
				6557FBE62BB1CF06005D04B4 /* ScrapedContent.swift */,
				6557FBEB2BB1D454005D04B4 /* views */,
			);
			path = FeedReed;
			sourceTree = "<group>";
		};
		6557FBEB2BB1D454005D04B4 /* views */ = {
			isa = PBXGroup;
			children = (
				6557FBEC2BB1D46C005D04B4 /* ArticleView.swift */,
				6557FBF22BB1D6E8005D04B4 /* FeedListView.swift */,
				6557FBEE2BB1D527005D04B4 /*  ArticleDetailView.swift */,
				6557FBF02BB1D64C005D04B4 /* AddFeedView.swift */,
			);
			path = views;
			sourceTree = "<group>";
		};
/* End PBXGroup section */

/* Begin PBXNativeTarget section */
		6557FBBE2BB1A029005D04B4 /* rozella */ = {
			isa = PBXNativeTarget;
			buildConfigurationList = 6557FBCD2BB1A029005D04B4 /* Build configuration list for PBXNativeTarget "rozella" */;
			buildPhases = (
				6557FBBB2BB1A029005D04B4 /* Sources */,
				6557FBBC2BB1A029005D04B4 /* Frameworks */,
				6557FBBD2BB1A029005D04B4 /* Resources */,
			);
			buildRules = (
			);
			dependencies = (
			);
			name = rozella;
			packageProductDependencies = (
				6557FBD32BB1A372005D04B4 /* YouTubeKit */,
				6557FBE02BB1C9B3005D04B4 /* FeedKit */,
				6557FBE92BB1CF20005D04B4 /* SwiftSoup */,
			);
			productName = rozella;
			productReference = 6557FBBF2BB1A029005D04B4 /* rozella.app */;
			productType = "com.apple.product-type.application";
		};
/* End PBXNativeTarget section */

/* Begin PBXProject section */
		6557FBB72BB1A028005D04B4 /* Project object */ = {
			isa = PBXProject;
			attributes = {
				BuildIndependentTargetsInParallel = 1;
				LastSwiftUpdateCheck = 1520;
				LastUpgradeCheck = 1520;
				TargetAttributes = {
					6557FBBE2BB1A029005D04B4 = {
						CreatedOnToolsVersion = 15.2;
					};
				};
			};
			buildConfigurationList = 6557FBBA2BB1A028005D04B4 /* Build configuration list for PBXProject "rozella" */;
			compatibilityVersion = "Xcode 14.0";
			developmentRegion = en;
			hasScannedForEncodings = 0;
			knownRegions = (
				en,
				Base,
			);
			mainGroup = 6557FBB62BB1A028005D04B4;
			packageReferences = (
				6557FBD22BB1A372005D04B4 /* XCRemoteSwiftPackageReference "YouTubeKit" */,
				6557FBDF2BB1C9B3005D04B4 /* XCRemoteSwiftPackageReference "FeedKit" */,
				6557FBE82BB1CF20005D04B4 /* XCRemoteSwiftPackageReference "SwiftSoup" */,
			);
			productRefGroup = 6557FBC02BB1A029005D04B4 /* Products */;
			projectDirPath = "";
			projectRoot = "";
			targets = (
				6557FBBE2BB1A029005D04B4 /* rozella */,
			);
		};
/* End PBXProject section */

/* Begin PBXResourcesBuildPhase section */
		6557FBBD2BB1A029005D04B4 /* Resources */ = {
			isa = PBXResourcesBuildPhase;
			buildActionMask = 2147483647;
			files = (
				6557FBCA2BB1A029005D04B4 /* Preview Assets.xcassets in Resources */,
				6557FBC72BB1A029005D04B4 /* Assets.xcassets in Resources */,
			);
			runOnlyForDeploymentPostprocessing = 0;
		};
/* End PBXResourcesBuildPhase section */

/* Begin PBXSourcesBuildPhase section */
		6557FBBB2BB1A029005D04B4 /* Sources */ = {
			isa = PBXSourcesBuildPhase;
			buildActionMask = 2147483647;
			files = (
				6557FBE72BB1CF06005D04B4 /* ScrapedContent.swift in Sources */,
				6557FBDE2BB1C972005D04B4 /* RSSFeedModel.swift in Sources */,
				6557FBE52BB1CBDC005D04B4 /* fetchArticles.swift in Sources */,
				6557FBED2BB1D46C005D04B4 /* ArticleView.swift in Sources */,
				6557FBF32BB1D6E8005D04B4 /* FeedListView.swift in Sources */,
				6557FBE32BB1CA34005D04B4 /* ArticleModel.swift in Sources */,
				6557FBC52BB1A029005D04B4 /* ContentView.swift in Sources */,
				6557FBC32BB1A029005D04B4 /* rozellaApp.swift in Sources */,
				6557FBEF2BB1D527005D04B4 /*  ArticleDetailView.swift in Sources */,
				6557FBF12BB1D64C005D04B4 /* AddFeedView.swift in Sources */,
				6557FBD12BB1A364005D04B4 /* YoutubeSearchView.swift in Sources */,
			);
			runOnlyForDeploymentPostprocessing = 0;
		};
/* End PBXSourcesBuildPhase section */

/* Begin XCBuildConfiguration section */
		6557FBCB2BB1A029005D04B4 /* Debug */ = {
			isa = XCBuildConfiguration;
			buildSettings = {
				ALWAYS_SEARCH_USER_PATHS = NO;
				ASSETCATALOG_COMPILER_GENERATE_SWIFT_ASSET_SYMBOL_EXTENSIONS = YES;
				CLANG_ANALYZER_NONNULL = YES;
				CLANG_ANALYZER_NUMBER_OBJECT_CONVERSION = YES_AGGRESSIVE;
				CLANG_CXX_LANGUAGE_STANDARD = "gnu++20";
				CLANG_ENABLE_MODULES = YES;
				CLANG_ENABLE_OBJC_ARC = YES;
				CLANG_ENABLE_OBJC_WEAK = YES;
				CLANG_WARN_BLOCK_CAPTURE_AUTORELEASING = YES;
				CLANG_WARN_BOOL_CONVERSION = YES;
				CLANG_WARN_COMMA = YES;
				CLANG_WARN_CONSTANT_CONVERSION = YES;
				CLANG_WARN_DEPRECATED_OBJC_IMPLEMENTATIONS = YES;
				CLANG_WARN_DIRECT_OBJC_ISA_USAGE = YES_ERROR;
				CLANG_WARN_DOCUMENTATION_COMMENTS = YES;
				CLANG_WARN_EMPTY_BODY = YES;
				CLANG_WARN_ENUM_CONVERSION = YES;
				CLANG_WARN_INFINITE_RECURSION = YES;
				CLANG_WARN_INT_CONVERSION = YES;
				CLANG_WARN_NON_LITERAL_NULL_CONVERSION = YES;
				CLANG_WARN_OBJC_IMPLICIT_RETAIN_SELF = YES;
				CLANG_WARN_OBJC_LITERAL_CONVERSION = YES;
				CLANG_WARN_OBJC_ROOT_CLASS = YES_ERROR;
				CLANG_WARN_QUOTED_INCLUDE_IN_FRAMEWORK_HEADER = YES;
				CLANG_WARN_RANGE_LOOP_ANALYSIS = YES;
				CLANG_WARN_STRICT_PROTOTYPES = YES;
				CLANG_WARN_SUSPICIOUS_MOVE = YES;
				CLANG_WARN_UNGUARDED_AVAILABILITY = YES_AGGRESSIVE;
				CLANG_WARN_UNREACHABLE_CODE = YES;
				CLANG_WARN__DUPLICATE_METHOD_MATCH = YES;
				COPY_PHASE_STRIP = NO;
				DEBUG_INFORMATION_FORMAT = dwarf;
				ENABLE_STRICT_OBJC_MSGSEND = YES;
				ENABLE_TESTABILITY = YES;
				ENABLE_USER_SCRIPT_SANDBOXING = YES;
				GCC_C_LANGUAGE_STANDARD = gnu17;
				GCC_DYNAMIC_NO_PIC = NO;
				GCC_NO_COMMON_BLOCKS = YES;
				GCC_OPTIMIZATION_LEVEL = 0;
				GCC_PREPROCESSOR_DEFINITIONS = (
					"DEBUG=1",
					"$(inherited)",
				);
				GCC_WARN_64_TO_32_BIT_CONVERSION = YES;
				GCC_WARN_ABOUT_RETURN_TYPE = YES_ERROR;
				GCC_WARN_UNDECLARED_SELECTOR = YES;
				GCC_WARN_UNINITIALIZED_AUTOS = YES_AGGRESSIVE;
				GCC_WARN_UNUSED_FUNCTION = YES;
				GCC_WARN_UNUSED_VARIABLE = YES;
				IPHONEOS_DEPLOYMENT_TARGET = 17.2;
				LOCALIZATION_PREFERS_STRING_CATALOGS = YES;
				MTL_ENABLE_DEBUG_INFO = INCLUDE_SOURCE;
				MTL_FAST_MATH = YES;
				ONLY_ACTIVE_ARCH = YES;
				SDKROOT = iphoneos;
				SWIFT_ACTIVE_COMPILATION_CONDITIONS = "DEBUG $(inherited)";
				SWIFT_OPTIMIZATION_LEVEL = "-Onone";
			};
			name = Debug;
		};
		6557FBCC2BB1A029005D04B4 /* Release */ = {
			isa = XCBuildConfiguration;
			buildSettings = {
				ALWAYS_SEARCH_USER_PATHS = NO;
				ASSETCATALOG_COMPILER_GENERATE_SWIFT_ASSET_SYMBOL_EXTENSIONS = YES;
				CLANG_ANALYZER_NONNULL = YES;
				CLANG_ANALYZER_NUMBER_OBJECT_CONVERSION = YES_AGGRESSIVE;
				CLANG_CXX_LANGUAGE_STANDARD = "gnu++20";
				CLANG_ENABLE_MODULES = YES;
				CLANG_ENABLE_OBJC_ARC = YES;
				CLANG_ENABLE_OBJC_WEAK = YES;
				CLANG_WARN_BLOCK_CAPTURE_AUTORELEASING = YES;
				CLANG_WARN_BOOL_CONVERSION = YES;
				CLANG_WARN_COMMA = YES;
				CLANG_WARN_CONSTANT_CONVERSION = YES;
				CLANG_WARN_DEPRECATED_OBJC_IMPLEMENTATIONS = YES;
				CLANG_WARN_DIRECT_OBJC_ISA_USAGE = YES_ERROR;
				CLANG_WARN_DOCUMENTATION_COMMENTS = YES;
				CLANG_WARN_EMPTY_BODY = YES;
				CLANG_WARN_ENUM_CONVERSION = YES;
				CLANG_WARN_INFINITE_RECURSION = YES;
				CLANG_WARN_INT_CONVERSION = YES;
				CLANG_WARN_NON_LITERAL_NULL_CONVERSION = YES;
				CLANG_WARN_OBJC_IMPLICIT_RETAIN_SELF = YES;
				CLANG_WARN_OBJC_LITERAL_CONVERSION = YES;
				CLANG_WARN_OBJC_ROOT_CLASS = YES_ERROR;
				CLANG_WARN_QUOTED_INCLUDE_IN_FRAMEWORK_HEADER = YES;
				CLANG_WARN_RANGE_LOOP_ANALYSIS = YES;
				CLANG_WARN_STRICT_PROTOTYPES = YES;
				CLANG_WARN_SUSPICIOUS_MOVE = YES;
				CLANG_WARN_UNGUARDED_AVAILABILITY = YES_AGGRESSIVE;
				CLANG_WARN_UNREACHABLE_CODE = YES;
				CLANG_WARN__DUPLICATE_METHOD_MATCH = YES;
				COPY_PHASE_STRIP = NO;
				DEBUG_INFORMATION_FORMAT = "dwarf-with-dsym";
				ENABLE_NS_ASSERTIONS = NO;
				ENABLE_STRICT_OBJC_MSGSEND = YES;
				ENABLE_USER_SCRIPT_SANDBOXING = YES;
				GCC_C_LANGUAGE_STANDARD = gnu17;
				GCC_NO_COMMON_BLOCKS = YES;
				GCC_WARN_64_TO_32_BIT_CONVERSION = YES;
				GCC_WARN_ABOUT_RETURN_TYPE = YES_ERROR;
				GCC_WARN_UNDECLARED_SELECTOR = YES;
				GCC_WARN_UNINITIALIZED_AUTOS = YES_AGGRESSIVE;
				GCC_WARN_UNUSED_FUNCTION = YES;
				GCC_WARN_UNUSED_VARIABLE = YES;
				IPHONEOS_DEPLOYMENT_TARGET = 17.2;
				LOCALIZATION_PREFERS_STRING_CATALOGS = YES;
				MTL_ENABLE_DEBUG_INFO = NO;
				MTL_FAST_MATH = YES;
				SDKROOT = iphoneos;
				SWIFT_COMPILATION_MODE = wholemodule;
				VALIDATE_PRODUCT = YES;
			};
			name = Release;
		};
		6557FBCE2BB1A029005D04B4 /* Debug */ = {
			isa = XCBuildConfiguration;
			buildSettings = {
				ASSETCATALOG_COMPILER_APPICON_NAME = AppIcon;
				ASSETCATALOG_COMPILER_GLOBAL_ACCENT_COLOR_NAME = AccentColor;
				CODE_SIGN_STYLE = Automatic;
				CURRENT_PROJECT_VERSION = 1;
				DEVELOPMENT_ASSET_PATHS = "\"rozella/Preview Content\"";
				DEVELOPMENT_TEAM = NNZWWH5M7V;
				ENABLE_PREVIEWS = YES;
				GENERATE_INFOPLIST_FILE = YES;
				INFOPLIST_KEY_UIApplicationSceneManifest_Generation = YES;
				INFOPLIST_KEY_UIApplicationSupportsIndirectInputEvents = YES;
				INFOPLIST_KEY_UILaunchScreen_Generation = YES;
				INFOPLIST_KEY_UISupportedInterfaceOrientations_iPad = "UIInterfaceOrientationPortrait UIInterfaceOrientationPortraitUpsideDown UIInterfaceOrientationLandscapeLeft UIInterfaceOrientationLandscapeRight";
				INFOPLIST_KEY_UISupportedInterfaceOrientations_iPhone = "UIInterfaceOrientationPortrait UIInterfaceOrientationLandscapeLeft UIInterfaceOrientationLandscapeRight";
				LD_RUNPATH_SEARCH_PATHS = (
					"$(inherited)",
					"@executable_path/Frameworks",
				);
				MARKETING_VERSION = 1.0;
				PRODUCT_BUNDLE_IDENTIFIER = com.ShoxMamadaliev.Fedora.rozella;
				PRODUCT_NAME = "$(TARGET_NAME)";
				SWIFT_EMIT_LOC_STRINGS = YES;
				SWIFT_VERSION = 5.0;
				TARGETED_DEVICE_FAMILY = "1,2";
			};
			name = Debug;
		};
		6557FBCF2BB1A029005D04B4 /* Release */ = {
			isa = XCBuildConfiguration;
			buildSettings = {
				ASSETCATALOG_COMPILER_APPICON_NAME = AppIcon;
				ASSETCATALOG_COMPILER_GLOBAL_ACCENT_COLOR_NAME = AccentColor;
				CODE_SIGN_STYLE = Automatic;
				CURRENT_PROJECT_VERSION = 1;
				DEVELOPMENT_ASSET_PATHS = "\"rozella/Preview Content\"";
				DEVELOPMENT_TEAM = NNZWWH5M7V;
				ENABLE_PREVIEWS = YES;
				GENERATE_INFOPLIST_FILE = YES;
				INFOPLIST_KEY_UIApplicationSceneManifest_Generation = YES;
				INFOPLIST_KEY_UIApplicationSupportsIndirectInputEvents = YES;
				INFOPLIST_KEY_UILaunchScreen_Generation = YES;
				INFOPLIST_KEY_UISupportedInterfaceOrientations_iPad = "UIInterfaceOrientationPortrait UIInterfaceOrientationPortraitUpsideDown UIInterfaceOrientationLandscapeLeft UIInterfaceOrientationLandscapeRight";
				INFOPLIST_KEY_UISupportedInterfaceOrientations_iPhone = "UIInterfaceOrientationPortrait UIInterfaceOrientationLandscapeLeft UIInterfaceOrientationLandscapeRight";
				LD_RUNPATH_SEARCH_PATHS = (
					"$(inherited)",
					"@executable_path/Frameworks",
				);
				MARKETING_VERSION = 1.0;
				PRODUCT_BUNDLE_IDENTIFIER = com.ShoxMamadaliev.Fedora.rozella;
				PRODUCT_NAME = "$(TARGET_NAME)";
				SWIFT_EMIT_LOC_STRINGS = YES;
				SWIFT_VERSION = 5.0;
				TARGETED_DEVICE_FAMILY = "1,2";
			};
			name = Release;
		};
/* End XCBuildConfiguration section */

/* Begin XCConfigurationList section */
		6557FBBA2BB1A028005D04B4 /* Build configuration list for PBXProject "rozella" */ = {
			isa = XCConfigurationList;
			buildConfigurations = (
				6557FBCB2BB1A029005D04B4 /* Debug */,
				6557FBCC2BB1A029005D04B4 /* Release */,
			);
			defaultConfigurationIsVisible = 0;
			defaultConfigurationName = Release;
		};
		6557FBCD2BB1A029005D04B4 /* Build configuration list for PBXNativeTarget "rozella" */ = {
			isa = XCConfigurationList;
			buildConfigurations = (
				6557FBCE2BB1A029005D04B4 /* Debug */,
				6557FBCF2BB1A029005D04B4 /* Release */,
			);
			defaultConfigurationIsVisible = 0;
			defaultConfigurationName = Release;
		};
/* End XCConfigurationList section */

/* Begin XCRemoteSwiftPackageReference section */
		6557FBD22BB1A372005D04B4 /* XCRemoteSwiftPackageReference "YouTubeKit" */ = {
			isa = XCRemoteSwiftPackageReference;
			repositoryURL = "https://github.com/b5i/YouTubeKit.git";
			requirement = {
				branch = main;
				kind = branch;
			};
		};
		6557FBDF2BB1C9B3005D04B4 /* XCRemoteSwiftPackageReference "FeedKit" */ = {
			isa = XCRemoteSwiftPackageReference;
			repositoryURL = "https://github.com/nmdias/FeedKit.git";
			requirement = {
				kind = upToNextMajorVersion;
				minimumVersion = 9.1.2;
			};
		};
		6557FBE82BB1CF20005D04B4 /* XCRemoteSwiftPackageReference "SwiftSoup" */ = {
			isa = XCRemoteSwiftPackageReference;
			repositoryURL = "https://github.com/scinfu/SwiftSoup.git";
			requirement = {
				kind = upToNextMajorVersion;
				minimumVersion = 2.7.2;
			};
		};
/* End XCRemoteSwiftPackageReference section */

/* Begin XCSwiftPackageProductDependency section */
		6557FBD32BB1A372005D04B4 /* YouTubeKit */ = {
			isa = XCSwiftPackageProductDependency;
			package = 6557FBD22BB1A372005D04B4 /* XCRemoteSwiftPackageReference "YouTubeKit" */;
			productName = YouTubeKit;
		};
		6557FBE02BB1C9B3005D04B4 /* FeedKit */ = {
			isa = XCSwiftPackageProductDependency;
			package = 6557FBDF2BB1C9B3005D04B4 /* XCRemoteSwiftPackageReference "FeedKit" */;
			productName = FeedKit;
		};
		6557FBE92BB1CF20005D04B4 /* SwiftSoup */ = {
			isa = XCSwiftPackageProductDependency;
			package = 6557FBE82BB1CF20005D04B4 /* XCRemoteSwiftPackageReference "SwiftSoup" */;
			productName = SwiftSoup;
		};
/* End XCSwiftPackageProductDependency section */
	};
	rootObject = 6557FBB72BB1A028005D04B4 /* Project object */;
}
